
Microsoft Visual Studio Solution File, Format Version 12.00
# Visual Studio Version 17
VisualStudioVersion = 17.5.33627.172
MinimumVisualStudioVersion = 10.0.40219.1
Project("{9A19103F-16F7-4668-BE54-9A1E7A4F7556}") = "Movies.Api", "Movies.Api\Movies.Api.csproj", "{2E385F76-F331-4D26-8746-9B0FB1B6987F}"
EndProject
Project("{9A19103F-16F7-4668-BE54-9A1E7A4F7556}") = "Movies.Application", "Movies.Application\Movies.Application.csproj", "{01A97858-EA57-4170-AF42-3DBA1F490AA8}"
EndProject
Project("{9A19103F-16F7-4668-BE54-9A1E7A4F7556}") = "Movies.Contracts", "Movies.Contracts\Movies.Contracts.csproj", "{80C5BA10-974A-4C19-8648-302B342419AE}"
EndProject
Project("{FAE04EC0-301F-11D3-BF4B-00C04F79EFBC}") = "Identity.Api", "Identity.Api\Identity.Api.csproj", "{59B83761-B87E-46DC-8E90-8EB93E3F9E86}"
EndProject
Global
	GlobalSection(SolutionConfigurationPlatforms) = preSolution
		Debug|Any CPU = Debug|Any CPU
		Release|Any CPU = Release|Any CPU
	EndGlobalSection
	GlobalSection(ProjectConfigurationPlatforms) = postSolution
		{2E385F76-F331-4D26-8746-9B0FB1B6987F}.Debug|Any CPU.ActiveCfg = Debug|Any CPU
		{2E385F76-F331-4D26-8746-9B0FB1B6987F}.Debug|Any CPU.Build.0 = Debug|Any CPU
		{2E385F76-F331-4D26-8746-9B0FB1B6987F}.Release|Any CPU.ActiveCfg = Release|Any CPU
		{2E385F76-F331-4D26-8746-9B0FB1B6987F}.Release|Any CPU.Build.0 = Release|Any CPU
		{01A97858-EA57-4170-AF42-3DBA1F490AA8}.Debug|Any CPU.ActiveCfg = Debug|Any CPU
		{01A97858-EA57-4170-AF42-3DBA1F490AA8}.Debug|Any CPU.Build.0 = Debug|Any CPU
		{01A97858-EA57-4170-AF42-3DBA1F490AA8}.Release|Any CPU.ActiveCfg = Release|Any CPU
		{01A97858-EA57-4170-AF42-3DBA1F490AA8}.Release|Any CPU.Build.0 = Release|Any CPU
		{80C5BA10-974A-4C19-8648-302B342419AE}.Debug|Any CPU.ActiveCfg = Debug|Any CPU
		{80C5BA10-974A-4C19-8648-302B342419AE}.Debug|Any CPU.Build.0 = Debug|Any CPU
		{80C5BA10-974A-4C19-8648-302B342419AE}.Release|Any CPU.ActiveCfg = Release|Any CPU
		{80C5BA10-974A-4C19-8648-302B342419AE}.Release|Any CPU.Build.0 = Release|Any CPU
		{59B83761-B87E-46DC-8E90-8EB93E3F9E86}.Debug|Any CPU.ActiveCfg = Debug|Any CPU
		{59B83761-B87E-46DC-8E90-8EB93E3F9E86}.Debug|Any CPU.Build.0 = Debug|Any CPU
		{59B83761-B87E-46DC-8E90-8EB93E3F9E86}.Release|Any CPU.ActiveCfg = Release|Any CPU
		{59B83761-B87E-46DC-8E90-8EB93E3F9E86}.Release|Any CPU.Build.0 = Release|Any CPU
	EndGlobalSection
	GlobalSection(SolutionProperties) = preSolution
		HideSolutionNode = FALSE
	EndGlobalSection
	GlobalSection(ExtensibilityGlobals) = postSolution
		SolutionGuid = {5B32E628-2A86-42D4-915A-7049791BAD02}
	EndGlobalSection
EndGlobal
